Microsoft Visual Studio Solution File, Format Version 12.00
# Visual Studio Version 16
VisualStudioVersion = 16.0.29123.88
MinimumVisualStudioVersion = 10.0.40219.1
Project("{FAE04EC0-301F-11D3-BF4B-00C04F79EFBC}") = "mARkIt", "mARkIt\mARkIt.csproj", "{75C40354-C608-4CD6-8FA6-606A9EB1A715}"
EndProject
Project("{FAE04EC0-301F-11D3-BF4B-00C04F79EFBC}") = "mARkIt.Droid", "Droid\mARkIt.Droid.csproj", "{03D8D19A-2601-42C2-91E8-9A5E69D400DC}"
EndProject
Project("{FAE04EC0-301F-11D3-BF4B-00C04F79EFBC}") = "mARkIt.iOS", "iOS\mARkIt.iOS.csproj", "{6D2BD9BD-8C41-4E00-AD0C-11EA4B3D6A8A}"
EndProject
Project("{FAE04EC0-301F-11D3-BF4B-00C04F79EFBC}") = "mARkIt.Backend", "Backend\mARkIt.Backend.csproj", "{B9F9B5E8-09DA-452F-82D2-28E37EB08BA2}"
EndProject
Global
	GlobalSection(SolutionConfigurationPlatforms) = preSolution
		Debug|Any CPU = Debug|Any CPU
		Debug|iPhone = Debug|iPhone
		Debug|iPhoneSimulator = Debug|iPhoneSimulator
		Release|Any CPU = Release|Any CPU
		Release|iPhone = Release|iPhone
		Release|iPhoneSimulator = Release|iPhoneSimulator
	EndGlobalSection
	GlobalSection(ProjectConfigurationPlatforms) = postSolution
		{75C40354-C608-4CD6-8FA6-606A9EB1A715}.Debug|Any CPU.ActiveCfg = Debug|Any CPU
		{75C40354-C608-4CD6-8FA6-606A9EB1A715}.Debug|Any CPU.Build.0 = Debug|Any CPU
		{75C40354-C608-4CD6-8FA6-606A9EB1A715}.Debug|iPhone.ActiveCfg = Debug|Any CPU
		{75C40354-C608-4CD6-8FA6-606A9EB1A715}.Debug|iPhone.Build.0 = Debug|Any CPU
		{75C40354-C608-4CD6-8FA6-606A9EB1A715}.Debug|iPhoneSimulator.ActiveCfg = Debug|Any CPU
		{75C40354-C608-4CD6-8FA6-606A9EB1A715}.Debug|iPhoneSimulator.Build.0 = Debug|Any CPU
		{75C40354-C608-4CD6-8FA6-606A9EB1A715}.Release|Any CPU.ActiveCfg = Release|Any CPU
		{75C40354-C608-4CD6-8FA6-606A9EB1A715}.Release|Any CPU.Build.0 = Release|Any CPU
		{75C40354-C608-4CD6-8FA6-606A9EB1A715}.Release|iPhone.ActiveCfg = Release|Any CPU
		{75C40354-C608-4CD6-8FA6-606A9EB1A715}.Release|iPhone.Build.0 = Release|Any CPU
		{75C40354-C608-4CD6-8FA6-606A9EB1A715}.Release|iPhoneSimulator.ActiveCfg = Release|Any CPU
		{75C40354-C608-4CD6-8FA6-606A9EB1A715}.Release|iPhoneSimulator.Build.0 = Release|Any CPU
		{03D8D19A-2601-42C2-91E8-9A5E69D400DC}.Debug|Any CPU.ActiveCfg = Debug|Any CPU
		{03D8D19A-2601-42C2-91E8-9A5E69D400DC}.Debug|Any CPU.Build.0 = Debug|Any CPU
		{03D8D19A-2601-42C2-91E8-9A5E69D400DC}.Debug|Any CPU.Deploy.0 = Debug|Any CPU
		{03D8D19A-2601-42C2-91E8-9A5E69D400DC}.Debug|iPhone.ActiveCfg = Debug|Any CPU
		{03D8D19A-2601-42C2-91E8-9A5E69D400DC}.Debug|iPhone.Build.0 = Debug|Any CPU
		{03D8D19A-2601-42C2-91E8-9A5E69D400DC}.Debug|iPhoneSimulator.ActiveCfg = Debug|Any CPU
		{03D8D19A-2601-42C2-91E8-9A5E69D400DC}.Debug|iPhoneSimulator.Build.0 = Debug|Any CPU
		{03D8D19A-2601-42C2-91E8-9A5E69D400DC}.Release|Any CPU.ActiveCfg = Release|Any CPU
		{03D8D19A-2601-42C2-91E8-9A5E69D400DC}.Release|Any CPU.Build.0 = Release|Any CPU
		{03D8D19A-2601-42C2-91E8-9A5E69D400DC}.Release|iPhone.ActiveCfg = Release|Any CPU
		{03D8D19A-2601-42C2-91E8-9A5E69D400DC}.Release|iPhone.Build.0 = Release|Any CPU
		{03D8D19A-2601-42C2-91E8-9A5E69D400DC}.Release|iPhoneSimulator.ActiveCfg = Release|Any CPU
		{03D8D19A-2601-42C2-91E8-9A5E69D400DC}.Release|iPhoneSimulator.Build.0 = Release|Any CPU
		{6D2BD9BD-8C41-4E00-AD0C-11EA4B3D6A8A}.Debug|Any CPU.ActiveCfg = Debug|iPhoneSimulator
		{6D2BD9BD-8C41-4E00-AD0C-11EA4B3D6A8A}.Debug|Any CPU.Build.0 = Debug|iPhoneSimulator
		{6D2BD9BD-8C41-4E00-AD0C-11EA4B3D6A8A}.Debug|iPhone.ActiveCfg = Debug|iPhone
		{6D2BD9BD-8C41-4E00-AD0C-11EA4B3D6A8A}.Debug|iPhone.Build.0 = Debug|iPhone
		{6D2BD9BD-8C41-4E00-AD0C-11EA4B3D6A8A}.Debug|iPhoneSimulator.ActiveCfg = Debug|iPhoneSimulator
		{6D2BD9BD-8C41-4E00-AD0C-11EA4B3D6A8A}.Debug|iPhoneSimulator.Build.0 = Debug|iPhoneSimulator
		{6D2BD9BD-8C41-4E00-AD0C-11EA4B3D6A8A}.Release|Any CPU.ActiveCfg = Release|iPhone
		{6D2BD9BD-8C41-4E00-AD0C-11EA4B3D6A8A}.Release|Any CPU.Build.0 = Release|iPhone
		{6D2BD9BD-8C41-4E00-AD0C-11EA4B3D6A8A}.Release|iPhone.ActiveCfg = Release|iPhone
		{6D2BD9BD-8C41-4E00-AD0C-11EA4B3D6A8A}.Release|iPhone.Build.0 = Release|iPhone
		{6D2BD9BD-8C41-4E00-AD0C-11EA4B3D6A8A}.Release|iPhoneSimulator.ActiveCfg = Release|iPhoneSimulator
		{6D2BD9BD-8C41-4E00-AD0C-11EA4B3D6A8A}.Release|iPhoneSimulator.Build.0 = Release|iPhoneSimulator
		{B9F9B5E8-09DA-452F-82D2-28E37EB08BA2}.Debug|Any CPU.ActiveCfg = Debug|Any CPU
		{B9F9B5E8-09DA-452F-82D2-28E37EB08BA2}.Debug|Any CPU.Build.0 = Debug|Any CPU
		{B9F9B5E8-09DA-452F-82D2-28E37EB08BA2}.Debug|iPhone.ActiveCfg = Debug|Any CPU
		{B9F9B5E8-09DA-452F-82D2-28E37EB08BA2}.Debug|iPhone.Build.0 = Debug|Any CPU
		{B9F9B5E8-09DA-452F-82D2-28E37EB08BA2}.Debug|iPhoneSimulator.ActiveCfg = Debug|Any CPU
		{B9F9B5E8-09DA-452F-82D2-28E37EB08BA2}.Debug|iPhoneSimulator.Build.0 = Debug|Any CPU
		{B9F9B5E8-09DA-452F-82D2-28E37EB08BA2}.Release|Any CPU.ActiveCfg = Release|Any CPU
		{B9F9B5E8-09DA-452F-82D2-28E37EB08BA2}.Release|Any CPU.Build.0 = Release|Any CPU
		{B9F9B5E8-09DA-452F-82D2-28E37EB08BA2}.Release|iPhone.ActiveCfg = Release|Any CPU
		{B9F9B5E8-09DA-452F-82D2-28E37EB08BA2}.Release|iPhone.Build.0 = Release|Any CPU
		{B9F9B5E8-09DA-452F-82D2-28E37EB08BA2}.Release|iPhoneSimulator.ActiveCfg = Release|Any CPU
		{B9F9B5E8-09DA-452F-82D2-28E37EB08BA2}.Release|iPhoneSimulator.Build.0 = Release|Any CPU
	EndGlobalSection
	GlobalSection(SolutionProperties) = preSolution
		HideSolutionNode = FALSE
	EndGlobalSection
	GlobalSection(ExtensibilityGlobals) = postSolution
		SolutionGuid = {D77EF955-7154-46BC-B0AC-49B94C3D136C}
	EndGlobalSection
EndGlobal
